
Microsoft Visual Studio Solution File, Format Version 12.00
# Visual Studio Version 16
VisualStudioVersion = 16.0.31829.152
MinimumVisualStudioVersion = 10.0.40219.1
Project("{FAE04EC0-301F-11D3-BF4B-00C04F79EFBC}") = "WPF10", "WPF10.csproj", "{61234418-78D3-4FFA-A192-76815D9E2528}"
EndProject
Global
	GlobalSection(SolutionConfigurationPlatforms) = preSolution
		Debug|Any CPU = Debug|Any CPU
		Release|Any CPU = Release|Any CPU
	EndGlobalSection
	GlobalSection(ProjectConfigurationPlatforms) = postSolution
		{61234418-78D3-4FFA-A192-76815D9E2528}.Debug|Any CPU.ActiveCfg = Debug|Any CPU
		{61234418-78D3-4FFA-A192-76815D9E2528}.Debug|Any CPU.Build.0 = Debug|Any CPU
		{61234418-78D3-4FFA-A192-76815D9E2528}.Release|Any CPU.ActiveCfg = Release|Any CPU
		{61234418-78D3-4FFA-A192-76815D9E2528}.Release|Any CPU.Build.0 = Release|Any CPU
	EndGlobalSection
	GlobalSection(SolutionProperties) = preSolution
		HideSolutionNode = FALSE
	EndGlobalSection
	GlobalSection(ExtensibilityGlobals) = postSolution
		SolutionGuid = {36B5CB93-2E0E-4430-914A-907E97D84228}
	EndGlobalSection
EndGlobal
